
Microsoft Visual Studio Solution File, Format Version 12.00
# Visual Studio Version 17
VisualStudioVersion = 17.13.35931.197
MinimumVisualStudioVersion = 10.0.40219.1
Project("{FAE04EC0-301F-11D3-BF4B-00C04F79EFBC}") = "EduBridge", "EduBridge.csproj", "{AE105839-6840-10A7-F35A-3E28490D63E8}"
EndProject
Global
	GlobalSection(SolutionConfigurationPlatforms) = preSolution
		Debug|Any CPU = Debug|Any CPU
		Release|Any CPU = Release|Any CPU
	EndGlobalSection
	GlobalSection(ProjectConfigurationPlatforms) = postSolution
		{AE105839-6840-10A7-F35A-3E28490D63E8}.Debug|Any CPU.ActiveCfg = Debug|Any CPU
		{AE105839-6840-10A7-F35A-3E28490D63E8}.Debug|Any CPU.Build.0 = Debug|Any CPU
		{AE105839-6840-10A7-F35A-3E28490D63E8}.Release|Any CPU.ActiveCfg = Release|Any CPU
		{AE105839-6840-10A7-F35A-3E28490D63E8}.Release|Any CPU.Build.0 = Release|Any CPU
	EndGlobalSection
	GlobalSection(SolutionProperties) = preSolution
		HideSolutionNode = FALSE
	EndGlobalSection
	GlobalSection(ExtensibilityGlobals) = postSolution
		SolutionGuid = {D2C51677-4B1C-4B7B-8E2D-96B1D81BB011}
	EndGlobalSection
EndGlobal
